
Microsoft Visual Studio Solution File, Format Version 12.00
# Visual Studio Version 17
VisualStudioVersion = 17.7.34009.444
MinimumVisualStudioVersion = 10.0.40219.1
Project("{FAE04EC0-301F-11D3-BF4B-00C04F79EFBC}") = "Atividade2", "Atividade2.csproj", "{62215DA9-3632-4D9C-B243-5C00A88B2E0E}"
EndProject
Global
	GlobalSection(SolutionConfigurationPlatforms) = preSolution
		Debug|Any CPU = Debug|Any CPU
		Release|Any CPU = Release|Any CPU
	EndGlobalSection
	GlobalSection(ProjectConfigurationPlatforms) = postSolution
		{62215DA9-3632-4D9C-B243-5C00A88B2E0E}.Debug|Any CPU.ActiveCfg = Debug|Any CPU
		{62215DA9-3632-4D9C-B243-5C00A88B2E0E}.Debug|Any CPU.Build.0 = Debug|Any CPU
		{62215DA9-3632-4D9C-B243-5C00A88B2E0E}.Release|Any CPU.ActiveCfg = Release|Any CPU
		{62215DA9-3632-4D9C-B243-5C00A88B2E0E}.Release|Any CPU.Build.0 = Release|Any CPU
	EndGlobalSection
	GlobalSection(SolutionProperties) = preSolution
		HideSolutionNode = FALSE
	EndGlobalSection
	GlobalSection(ExtensibilityGlobals) = postSolution
		SolutionGuid = {D29B7F68-8CDA-4402-A757-EA4BAC32C368}
	EndGlobalSection
EndGlobal
